
Microsoft Visual Studio Solution File, Format Version 12.00
# Visual Studio 15
VisualStudioVersion = 15.0.28307.705
MinimumVisualStudioVersion = 10.0.40219.1
Project("{FAE04EC0-301F-11D3-BF4B-00C04F79EFBC}") = "XamarinTest.Android", "XamarinTest\XamarinTest.Android\XamarinTest.Android.csproj", "{973E37C9-DA21-4B1F-A84C-493B61324960}"
EndProject
Project("{FAE04EC0-301F-11D3-BF4B-00C04F79EFBC}") = "XamarinTest.iOS", "XamarinTest\XamarinTest.iOS\XamarinTest.iOS.csproj", "{865242F5-C944-423C-911F-01FE1511DA7F}"
EndProject
Project("{FAE04EC0-301F-11D3-BF4B-00C04F79EFBC}") = "XamarinTest", "XamarinTest\XamarinTest\XamarinTest.csproj", "{24F2DAA1-8982-4E0E-B423-A8D5FCB77735}"
EndProject
Global
	GlobalSection(SolutionConfigurationPlatforms) = preSolution
		Ad-Hoc|Any CPU = Ad-Hoc|Any CPU
		Ad-Hoc|iPhone = Ad-Hoc|iPhone
		Ad-Hoc|iPhoneSimulator = Ad-Hoc|iPhoneSimulator
		AppStore|Any CPU = AppStore|Any CPU
		AppStore|iPhone = AppStore|iPhone
		AppStore|iPhoneSimulator = AppStore|iPhoneSimulator
		Debug|Any CPU = Debug|Any CPU
		Debug|iPhone = Debug|iPhone
		Debug|iPhoneSimulator = Debug|iPhoneSimulator
		Release|Any CPU = Release|Any CPU
		Release|iPhone = Release|iPhone
		Release|iPhoneSimulator = Release|iPhoneSimulator
	EndGlobalSection
	GlobalSection(ProjectConfigurationPlatforms) = postSolution
		{973E37C9-DA21-4B1F-A84C-493B61324960}.Ad-Hoc|Any CPU.ActiveCfg = Release|Any CPU
		{973E37C9-DA21-4B1F-A84C-493B61324960}.Ad-Hoc|Any CPU.Build.0 = Release|Any CPU
		{973E37C9-DA21-4B1F-A84C-493B61324960}.Ad-Hoc|Any CPU.Deploy.0 = Release|Any CPU
		{973E37C9-DA21-4B1F-A84C-493B61324960}.Ad-Hoc|iPhone.ActiveCfg = Release|Any CPU
		{973E37C9-DA21-4B1F-A84C-493B61324960}.Ad-Hoc|iPhone.Build.0 = Release|Any CPU
		{973E37C9-DA21-4B1F-A84C-493B61324960}.Ad-Hoc|iPhone.Deploy.0 = Release|Any CPU
		{973E37C9-DA21-4B1F-A84C-493B61324960}.Ad-Hoc|iPhoneSimulator.ActiveCfg = Release|Any CPU
		{973E37C9-DA21-4B1F-A84C-493B61324960}.Ad-Hoc|iPhoneSimulator.Build.0 = Release|Any CPU
		{973E37C9-DA21-4B1F-A84C-493B61324960}.Ad-Hoc|iPhoneSimulator.Deploy.0 = Release|Any CPU
		{973E37C9-DA21-4B1F-A84C-493B61324960}.AppStore|Any CPU.ActiveCfg = Release|Any CPU
		{973E37C9-DA21-4B1F-A84C-493B61324960}.AppStore|Any CPU.Build.0 = Release|Any CPU
		{973E37C9-DA21-4B1F-A84C-493B61324960}.AppStore|Any CPU.Deploy.0 = Release|Any CPU
		{973E37C9-DA21-4B1F-A84C-493B61324960}.AppStore|iPhone.ActiveCfg = Release|Any CPU
		{973E37C9-DA21-4B1F-A84C-493B61324960}.AppStore|iPhone.Build.0 = Release|Any CPU
		{973E37C9-DA21-4B1F-A84C-493B61324960}.AppStore|iPhone.Deploy.0 = Release|Any CPU
		{973E37C9-DA21-4B1F-A84C-493B61324960}.AppStore|iPhoneSimulator.ActiveCfg = Release|Any CPU
		{973E37C9-DA21-4B1F-A84C-493B61324960}.AppStore|iPhoneSimulator.Build.0 = Release|Any CPU
		{973E37C9-DA21-4B1F-A84C-493B61324960}.AppStore|iPhoneSimulator.Deploy.0 = Release|Any CPU
		{973E37C9-DA21-4B1F-A84C-493B61324960}.Debug|Any CPU.ActiveCfg = Debug|Any CPU
		{973E37C9-DA21-4B1F-A84C-493B61324960}.Debug|Any CPU.Build.0 = Debug|Any CPU
		{973E37C9-DA21-4B1F-A84C-493B61324960}.Debug|Any CPU.Deploy.0 = Debug|Any CPU
		{973E37C9-DA21-4B1F-A84C-493B61324960}.Debug|iPhone.ActiveCfg = Debug|Any CPU
		{973E37C9-DA21-4B1F-A84C-493B61324960}.Debug|iPhone.Build.0 = Debug|Any CPU
		{973E37C9-DA21-4B1F-A84C-493B61324960}.Debug|iPhone.Deploy.0 = Debug|Any CPU
		{973E37C9-DA21-4B1F-A84C-493B61324960}.Debug|iPhoneSimulator.ActiveCfg = Debug|Any CPU
		{973E37C9-DA21-4B1F-A84C-493B61324960}.Debug|iPhoneSimulator.Build.0 = Debug|Any CPU
		{973E37C9-DA21-4B1F-A84C-493B61324960}.Debug|iPhoneSimulator.Deploy.0 = Debug|Any CPU
		{973E37C9-DA21-4B1F-A84C-493B61324960}.Release|Any CPU.ActiveCfg = Release|Any CPU
		{973E37C9-DA21-4B1F-A84C-493B61324960}.Release|Any CPU.Build.0 = Release|Any CPU
		{973E37C9-DA21-4B1F-A84C-493B61324960}.Release|Any CPU.Deploy.0 = Release|Any CPU
		{973E37C9-DA21-4B1F-A84C-493B61324960}.Release|iPhone.ActiveCfg = Release|Any CPU
		{973E37C9-DA21-4B1F-A84C-493B61324960}.Release|iPhone.Build.0 = Release|Any CPU
		{973E37C9-DA21-4B1F-A84C-493B61324960}.Release|iPhone.Deploy.0 = Release|Any CPU
		{973E37C9-DA21-4B1F-A84C-493B61324960}.Release|iPhoneSimulator.ActiveCfg = Release|Any CPU
		{973E37C9-DA21-4B1F-A84C-493B61324960}.Release|iPhoneSimulator.Build.0 = Release|Any CPU
		{973E37C9-DA21-4B1F-A84C-493B61324960}.Release|iPhoneSimulator.Deploy.0 = Release|Any CPU
		{865242F5-C944-423C-911F-01FE1511DA7F}.Ad-Hoc|Any CPU.ActiveCfg = Ad-Hoc|iPhone
		{865242F5-C944-423C-911F-01FE1511DA7F}.Ad-Hoc|Any CPU.Build.0 = Ad-Hoc|iPhone
		{865242F5-C944-423C-911F-01FE1511DA7F}.Ad-Hoc|Any CPU.Deploy.0 = Ad-Hoc|iPhone
		{865242F5-C944-423C-911F-01FE1511DA7F}.Ad-Hoc|iPhone.ActiveCfg = Ad-Hoc|iPhone
		{865242F5-C944-423C-911F-01FE1511DA7F}.Ad-Hoc|iPhone.Build.0 = Ad-Hoc|iPhone
		{865242F5-C944-423C-911F-01FE1511DA7F}.Ad-Hoc|iPhone.Deploy.0 = Ad-Hoc|iPhone
		{865242F5-C944-423C-911F-01FE1511DA7F}.Ad-Hoc|iPhoneSimulator.ActiveCfg = Ad-Hoc|iPhoneSimulator
		{865242F5-C944-423C-911F-01FE1511DA7F}.Ad-Hoc|iPhoneSimulator.Build.0 = Ad-Hoc|iPhoneSimulator
		{865242F5-C944-423C-911F-01FE1511DA7F}.Ad-Hoc|iPhoneSimulator.Deploy.0 = Ad-Hoc|iPhoneSimulator
		{865242F5-C944-423C-911F-01FE1511DA7F}.AppStore|Any CPU.ActiveCfg = AppStore|iPhone
		{865242F5-C944-423C-911F-01FE1511DA7F}.AppStore|Any CPU.Build.0 = AppStore|iPhone
		{865242F5-C944-423C-911F-01FE1511DA7F}.AppStore|Any CPU.Deploy.0 = AppStore|iPhone
		{865242F5-C944-423C-911F-01FE1511DA7F}.AppStore|iPhone.ActiveCfg = AppStore|iPhone
		{865242F5-C944-423C-911F-01FE1511DA7F}.AppStore|iPhone.Build.0 = AppStore|iPhone
		{865242F5-C944-423C-911F-01FE1511DA7F}.AppStore|iPhone.Deploy.0 = AppStore|iPhone
		{865242F5-C944-423C-911F-01FE1511DA7F}.AppStore|iPhoneSimulator.ActiveCfg = AppStore|iPhoneSimulator
		{865242F5-C944-423C-911F-01FE1511DA7F}.AppStore|iPhoneSimulator.Build.0 = AppStore|iPhoneSimulator
		{865242F5-C944-423C-911F-01FE1511DA7F}.AppStore|iPhoneSimulator.Deploy.0 = AppStore|iPhoneSimulator
		{865242F5-C944-423C-911F-01FE1511DA7F}.Debug|Any CPU.ActiveCfg = Debug|iPhoneSimulator
		{865242F5-C944-423C-911F-01FE1511DA7F}.Debug|Any CPU.Build.0 = Debug|iPhoneSimulator
		{865242F5-C944-423C-911F-01FE1511DA7F}.Debug|Any CPU.Deploy.0 = Debug|iPhoneSimulator
		{865242F5-C944-423C-911F-01FE1511DA7F}.Debug|iPhone.ActiveCfg = Debug|iPhone
		{865242F5-C944-423C-911F-01FE1511DA7F}.Debug|iPhone.Build.0 = Debug|iPhone
		{865242F5-C944-423C-911F-01FE1511DA7F}.Debug|iPhone.Deploy.0 = Debug|iPhone
		{865242F5-C944-423C-911F-01FE1511DA7F}.Debug|iPhoneSimulator.ActiveCfg = Debug|iPhoneSimulator
		{865242F5-C944-423C-911F-01FE1511DA7F}.Debug|iPhoneSimulator.Build.0 = Debug|iPhoneSimulator
		{865242F5-C944-423C-911F-01FE1511DA7F}.Debug|iPhoneSimulator.Deploy.0 = Debug|iPhoneSimulator
		{865242F5-C944-423C-911F-01FE1511DA7F}.Release|Any CPU.ActiveCfg = Release|iPhone
		{865242F5-C944-423C-911F-01FE1511DA7F}.Release|Any CPU.Build.0 = Release|iPhone
		{865242F5-C944-423C-911F-01FE1511DA7F}.Release|Any CPU.Deploy.0 = Release|iPhone
		{865242F5-C944-423C-911F-01FE1511DA7F}.Release|iPhone.ActiveCfg = Release|iPhone
		{865242F5-C944-423C-911F-01FE1511DA7F}.Release|iPhone.Build.0 = Release|iPhone
		{865242F5-C944-423C-911F-01FE1511DA7F}.Release|iPhone.Deploy.0 = Release|iPhone
		{865242F5-C944-423C-911F-01FE1511DA7F}.Release|iPhoneSimulator.ActiveCfg = Release|iPhoneSimulator
		{865242F5-C944-423C-911F-01FE1511DA7F}.Release|iPhoneSimulator.Build.0 = Release|iPhoneSimulator
		{865242F5-C944-423C-911F-01FE1511DA7F}.Release|iPhoneSimulator.Deploy.0 = Release|iPhoneSimulator
		{24F2DAA1-8982-4E0E-B423-A8D5FCB77735}.Ad-Hoc|Any CPU.ActiveCfg = Debug|Any CPU
		{24F2DAA1-8982-4E0E-B423-A8D5FCB77735}.Ad-Hoc|Any CPU.Build.0 = Debug|Any CPU
		{24F2DAA1-8982-4E0E-B423-A8D5FCB77735}.Ad-Hoc|Any CPU.Deploy.0 = Debug|Any CPU
		{24F2DAA1-8982-4E0E-B423-A8D5FCB77735}.Ad-Hoc|iPhone.ActiveCfg = Debug|Any CPU
		{24F2DAA1-8982-4E0E-B423-A8D5FCB77735}.Ad-Hoc|iPhone.Build.0 = Debug|Any CPU
		{24F2DAA1-8982-4E0E-B423-A8D5FCB77735}.Ad-Hoc|iPhone.Deploy.0 = Debug|Any CPU
		{24F2DAA1-8982-4E0E-B423-A8D5FCB77735}.Ad-Hoc|iPhoneSimulator.ActiveCfg = Debug|Any CPU
		{24F2DAA1-8982-4E0E-B423-A8D5FCB77735}.Ad-Hoc|iPhoneSimulator.Build.0 = Debug|Any CPU
		{24F2DAA1-8982-4E0E-B423-A8D5FCB77735}.Ad-Hoc|iPhoneSimulator.Deploy.0 = Debug|Any CPU
		{24F2DAA1-8982-4E0E-B423-A8D5FCB77735}.AppStore|Any CPU.ActiveCfg = Debug|Any CPU
		{24F2DAA1-8982-4E0E-B423-A8D5FCB77735}.AppStore|Any CPU.Build.0 = Debug|Any CPU
		{24F2DAA1-8982-4E0E-B423-A8D5FCB77735}.AppStore|Any CPU.Deploy.0 = Debug|Any CPU
		{24F2DAA1-8982-4E0E-B423-A8D5FCB77735}.AppStore|iPhone.ActiveCfg = Debug|Any CPU
		{24F2DAA1-8982-4E0E-B423-A8D5FCB77735}.AppStore|iPhone.Build.0 = Debug|Any CPU
		{24F2DAA1-8982-4E0E-B423-A8D5FCB77735}.AppStore|iPhone.Deploy.0 = Debug|Any CPU
		{24F2DAA1-8982-4E0E-B423-A8D5FCB77735}.AppStore|iPhoneSimulator.ActiveCfg = Debug|Any CPU
		{24F2DAA1-8982-4E0E-B423-A8D5FCB77735}.AppStore|iPhoneSimulator.Build.0 = Debug|Any CPU
		{24F2DAA1-8982-4E0E-B423-A8D5FCB77735}.AppStore|iPhoneSimulator.Deploy.0 = Debug|Any CPU
		{24F2DAA1-8982-4E0E-B423-A8D5FCB77735}.Debug|Any CPU.ActiveCfg = Debug|Any CPU
		{24F2DAA1-8982-4E0E-B423-A8D5FCB77735}.Debug|Any CPU.Build.0 = Debug|Any CPU
		{24F2DAA1-8982-4E0E-B423-A8D5FCB77735}.Debug|Any CPU.Deploy.0 = Debug|Any CPU
		{24F2DAA1-8982-4E0E-B423-A8D5FCB77735}.Debug|iPhone.ActiveCfg = Debug|Any CPU
		{24F2DAA1-8982-4E0E-B423-A8D5FCB77735}.Debug|iPhone.Build.0 = Debug|Any CPU
		{24F2DAA1-8982-4E0E-B423-A8D5FCB77735}.Debug|iPhone.Deploy.0 = Debug|Any CPU
		{24F2DAA1-8982-4E0E-B423-A8D5FCB77735}.Debug|iPhoneSimulator.ActiveCfg = Debug|Any CPU
		{24F2DAA1-8982-4E0E-B423-A8D5FCB77735}.Debug|iPhoneSimulator.Build.0 = Debug|Any CPU
		{24F2DAA1-8982-4E0E-B423-A8D5FCB77735}.Debug|iPhoneSimulator.Deploy.0 = Debug|Any CPU
		{24F2DAA1-8982-4E0E-B423-A8D5FCB77735}.Release|Any CPU.ActiveCfg = Release|Any CPU
		{24F2DAA1-8982-4E0E-B423-A8D5FCB77735}.Release|Any CPU.Build.0 = Release|Any CPU
		{24F2DAA1-8982-4E0E-B423-A8D5FCB77735}.Release|Any CPU.Deploy.0 = Release|Any CPU
		{24F2DAA1-8982-4E0E-B423-A8D5FCB77735}.Release|iPhone.ActiveCfg = Release|Any CPU
		{24F2DAA1-8982-4E0E-B423-A8D5FCB77735}.Release|iPhone.Build.0 = Release|Any CPU
		{24F2DAA1-8982-4E0E-B423-A8D5FCB77735}.Release|iPhone.Deploy.0 = Release|Any CPU
		{24F2DAA1-8982-4E0E-B423-A8D5FCB77735}.Release|iPhoneSimulator.ActiveCfg = Release|Any CPU
		{24F2DAA1-8982-4E0E-B423-A8D5FCB77735}.Release|iPhoneSimulator.Build.0 = Release|Any CPU
		{24F2DAA1-8982-4E0E-B423-A8D5FCB77735}.Release|iPhoneSimulator.Deploy.0 = Release|Any CPU
	EndGlobalSection
	GlobalSection(SolutionProperties) = preSolution
		HideSolutionNode = FALSE
	EndGlobalSection
	GlobalSection(ExtensibilityGlobals) = postSolution
		SolutionGuid = {E8485F09-FA1D-414D-8EB9-55636DE7E7CF}
	EndGlobalSection
EndGlobal
